// !$*UTF8*$!
{
	archiveVersion = 1;
	classes = {
	};
	objectVersion = 46;
	objects = {

/* Begin PBXBuildFile section */
		091057EA1A11FA7600DD8384 /* main.m in Sources */ = {isa = PBXBuildFile; fileRef = 091057E91A11FA7600DD8384 /* main.m */; };
		091057FC1A12221D00DD8384 /* AppDelegate.m in Sources */ = {isa = PBXBuildFile; fileRef = 091057FB1A12221D00DD8384 /* AppDelegate.m */; };
		091057FE1A12221D00DD8384 /* main.m in Sources */ = {isa = PBXBuildFile; fileRef = 091057FD1A12221D00DD8384 /* main.m */; };
		091058001A12221D00DD8384 /* Images.xcassets in Resources */ = {isa = PBXBuildFile; fileRef = 091057FF1A12221D00DD8384 /* Images.xcassets */; };
		0910580F1A12221D00DD8384 /* brightBarTests.m in Sources */ = {isa = PBXBuildFile; fileRef = 0910580E1A12221D00DD8384 /* brightBarTests.m */; };
		094D3E561A122E7B00729E3B /* brightness-sun-transparent-black.icns in Resources */ = {isa = PBXBuildFile; fileRef = 094D3E551A122E7B00729E3B /* brightness-sun-transparent-black.icns */; };
		094D3E581A122E8700729E3B /* icon.png in Resources */ = {isa = PBXBuildFile; fileRef = 094D3E571A122E8700729E3B /* icon.png */; };
		094D3E5B1A122F4600729E3B /* TSBright.m in Sources */ = {isa = PBXBuildFile; fileRef = 094D3E5A1A122F4600729E3B /* TSBright.m */; };
		094D3E5C1A122F7C00729E3B /* TSBright.m in Sources */ = {isa = PBXBuildFile; fileRef = 094D3E5A1A122F4600729E3B /* TSBright.m */; };
/* End PBXBuildFile section */

/* Begin PBXContainerItemProxy section */
		091058091A12221D00DD8384 /* PBXContainerItemProxy */ = {
			isa = PBXContainerItemProxy;
			containerPortal = 091057DE1A11FA7500DD8384 /* Project object */;
			proxyType = 1;
			remoteGlobalIDString = 091057F51A12221D00DD8384;
			remoteInfo = brightBar;
		};
/* End PBXContainerItemProxy section */

/* Begin PBXCopyFilesBuildPhase section */
		091057E41A11FA7600DD8384 /* CopyFiles */ = {
			isa = PBXCopyFilesBuildPhase;
			buildActionMask = 2147483647;
			dstPath = /usr/share/man/man1/;
			dstSubfolderSpec = 0;
			files = (
			);
			runOnlyForDeploymentPostprocessing = 1;
		};
/* End PBXCopyFilesBuildPhase section */

/* Begin PBXFileReference section */
		091057E61A11FA7600DD8384 /* bright */ = {isa = PBXFileReference; explicitFileType = "compiled.mach-o.executable"; includeInIndex = 0; path = bright; sourceTree = BUILT_PRODUCTS_DIR; };
		091057E91A11FA7600DD8384 /* main.m */ = {isa = PBXFileReference; lastKnownFileType = sourcecode.c.objc; path = main.m; sourceTree = "<group>"; };
		091057F61A12221D00DD8384 /* brightBar.app */ = {isa = PBXFileReference; explicitFileType = wrapper.application; includeInIndex = 0; path = brightBar.app; sourceTree = BUILT_PRODUCTS_DIR; };
		091057F91A12221D00DD8384 /* Info.plist */ = {isa = PBXFileReference; lastKnownFileType = text.plist.xml; path = Info.plist; sourceTree = "<group>"; };
		091057FA1A12221D00DD8384 /* AppDelegate.h */ = {isa = PBXFileReference; lastKnownFileType = sourcecode.c.h; path = AppDelegate.h; sourceTree = "<group>"; };
		091057FB1A12221D00DD8384 /* AppDelegate.m */ = {isa = PBXFileReference; lastKnownFileType = sourcecode.c.objc; path = AppDelegate.m; sourceTree = "<group>"; };
		091057FD1A12221D00DD8384 /* main.m */ = {isa = PBXFileReference; lastKnownFileType = sourcecode.c.objc; path = main.m; sourceTree = "<group>"; };
		091057FF1A12221D00DD8384 /* Images.xcassets */ = {isa = PBXFileReference; lastKnownFileType = folder.assetcatalog; path = Images.xcassets; sourceTree = "<group>"; };
		091058081A12221D00DD8384 /* brightBarTests.xctest */ = {isa = PBXFileReference; explicitFileType = wrapper.cfbundle; includeInIndex = 0; path = brightBarTests.xctest; sourceTree = BUILT_PRODUCTS_DIR; };
		0910580D1A12221D00DD8384 /* Info.plist */ = {isa = PBXFileReference; lastKnownFileType = text.plist.xml; path = Info.plist; sourceTree = "<group>"; };
		0910580E1A12221D00DD8384 /* brightBarTests.m */ = {isa = PBXFileReference; lastKnownFileType = sourcecode.c.objc; path = brightBarTests.m; sourceTree = "<group>"; };
		094D3E551A122E7B00729E3B /* brightness-sun-transparent-black.icns */ = {isa = PBXFileReference; lastKnownFileType = image.icns; path = "brightness-sun-transparent-black.icns"; sourceTree = "<group>"; };
		094D3E571A122E8700729E3B /* icon.png */ = {isa = PBXFileReference; lastKnownFileType = image.png; path = icon.png; sourceTree = "<group>"; };
		094D3E591A122F4600729E3B /* TSBright.h */ = {isa = PBXFileReference; fileEncoding = 4; lastKnownFileType = sourcecode.c.h; name = TSBright.h; path = brightBar/TSBright.h; sourceTree = "<group>"; };
		094D3E5A1A122F4600729E3B /* TSBright.m */ = {isa = PBXFileReference; fileEncoding = 4; lastKnownFileType = sourcecode.c.objc; name = TSBright.m; path = brightBar/TSBright.m; sourceTree = "<group>"; };
/* End PBXFileReference section */

/* Begin PBXFrameworksBuildPhase section */
		091057E31A11FA7600DD8384 /* Frameworks */ = {
			isa = PBXFrameworksBuildPhase;
			buildActionMask = 2147483647;
			files = (
			);
			runOnlyForDeploymentPostprocessing = 0;
		};
		091057F31A12221D00DD8384 /* Frameworks */ = {
			isa = PBXFrameworksBuildPhase;
			buildActionMask = 2147483647;
			files = (
			);
			runOnlyForDeploymentPostprocessing = 0;
		};
		091058051A12221D00DD8384 /* Frameworks */ = {
			isa = PBXFrameworksBuildPhase;
			buildActionMask = 2147483647;
			files = (
			);
			runOnlyForDeploymentPostprocessing = 0;
		};
/* End PBXFrameworksBuildPhase section */

/* Begin PBXGroup section */
		091057DD1A11FA7500DD8384 = {
			isa = PBXGroup;
			children = (
				094D3E591A122F4600729E3B /* TSBright.h */,
				094D3E5A1A122F4600729E3B /* TSBright.m */,
				091057E81A11FA7600DD8384 /* bright */,
				091057F71A12221D00DD8384 /* brightBar */,
				0910580B1A12221D00DD8384 /* brightBarTests */,
				091057E71A11FA7600DD8384 /* Products */,
			);
			sourceTree = "<group>";
		};
		091057E71A11FA7600DD8384 /* Products */ = {
			isa = PBXGroup;
			children = (
				091057E61A11FA7600DD8384 /* bright */,
				091057F61A12221D00DD8384 /* brightBar.app */,
				091058081A12221D00DD8384 /* brightBarTests.xctest */,
			);
			name = Products;
			sourceTree = "<group>";
		};
		091057E81A11FA7600DD8384 /* bright */ = {
			isa = PBXGroup;
			children = (
				091057E91A11FA7600DD8384 /* main.m */,
			);
			path = bright;
			sourceTree = "<group>";
		};
		091057F71A12221D00DD8384 /* brightBar */ = {
			isa = PBXGroup;
			children = (
				091057FA1A12221D00DD8384 /* AppDelegate.h */,
				091057FB1A12221D00DD8384 /* AppDelegate.m */,
				091057FF1A12221D00DD8384 /* Images.xcassets */,
				094D3E551A122E7B00729E3B /* brightness-sun-transparent-black.icns */,
				094D3E571A122E8700729E3B /* icon.png */,
				091057F81A12221D00DD8384 /* Supporting Files */,
			);
			path = brightBar;
			sourceTree = "<group>";
		};
		091057F81A12221D00DD8384 /* Supporting Files */ = {
			isa = PBXGroup;
			children = (
				091057F91A12221D00DD8384 /* Info.plist */,
				091057FD1A12221D00DD8384 /* main.m */,
			);
			name = "Supporting Files";
			sourceTree = "<group>";
		};
		0910580B1A12221D00DD8384 /* brightBarTests */ = {
			isa = PBXGroup;
			children = (
				0910580E1A12221D00DD8384 /* brightBarTests.m */,
				0910580C1A12221D00DD8384 /* Supporting Files */,
			);
			path = brightBarTests;
			sourceTree = "<group>";
		};
		0910580C1A12221D00DD8384 /* Supporting Files */ = {
			isa = PBXGroup;
			children = (
				0910580D1A12221D00DD8384 /* Info.plist */,
			);
			name = "Supporting Files";
			sourceTree = "<group>";
		};
/* End PBXGroup section */

/* Begin PBXNativeTarget section */
		091057E51A11FA7600DD8384 /* bright */ = {
			isa = PBXNativeTarget;
			buildConfigurationList = 091057ED1A11FA7600DD8384 /* Build configuration list for PBXNativeTarget "bright" */;
			buildPhases = (
				091057E21A11FA7600DD8384 /* Sources */,
				091057E31A11FA7600DD8384 /* Frameworks */,
				091057E41A11FA7600DD8384 /* CopyFiles */,
				091057F11A1212C000DD8384 /* ShellScript */,
			);
			buildRules = (
			);
			dependencies = (
			);
			name = bright;
			productName = bright;
			productReference = 091057E61A11FA7600DD8384 /* bright */;
			productType = "com.apple.product-type.tool";
		};
		091057F51A12221D00DD8384 /* brightBar */ = {
			isa = PBXNativeTarget;
			buildConfigurationList = 091058141A12221D00DD8384 /* Build configuration list for PBXNativeTarget "brightBar" */;
			buildPhases = (
				091057F21A12221D00DD8384 /* Sources */,
				091057F31A12221D00DD8384 /* Frameworks */,
				091057F41A12221D00DD8384 /* Resources */,
			);
			buildRules = (
			);
			dependencies = (
			);
			name = brightBar;
			productName = brightBar;
			productReference = 091057F61A12221D00DD8384 /* brightBar.app */;
			productType = "com.apple.product-type.application";
		};
		091058071A12221D00DD8384 /* brightBarTests */ = {
			isa = PBXNativeTarget;
			buildConfigurationList = 091058151A12221D00DD8384 /* Build configuration list for PBXNativeTarget "brightBarTests" */;
			buildPhases = (
				091058041A12221D00DD8384 /* Sources */,
				091058051A12221D00DD8384 /* Frameworks */,
				091058061A12221D00DD8384 /* Resources */,
			);
			buildRules = (
			);
			dependencies = (
				0910580A1A12221D00DD8384 /* PBXTargetDependency */,
			);
			name = brightBarTests;
			productName = brightBarTests;
			productReference = 091058081A12221D00DD8384 /* brightBarTests.xctest */;
			productType = "com.apple.product-type.bundle.unit-test";
		};
/* End PBXNativeTarget section */

/* Begin PBXProject section */
		091057DE1A11FA7500DD8384 /* Project object */ = {
			isa = PBXProject;
			attributes = {
				LastUpgradeCheck = 0610;
				ORGANIZATIONNAME = TangShi;
				TargetAttributes = {
					091057E51A11FA7600DD8384 = {
						CreatedOnToolsVersion = 6.1;
					};
					091057F51A12221D00DD8384 = {
						CreatedOnToolsVersion = 6.1;
					};
					091058071A12221D00DD8384 = {
						CreatedOnToolsVersion = 6.1;
						TestTargetID = 091057F51A12221D00DD8384;
					};
				};
			};
			buildConfigurationList = 091057E11A11FA7500DD8384 /* Build configuration list for PBXProject "bright" */;
			compatibilityVersion = "Xcode 3.2";
			developmentRegion = English;
			hasScannedForEncodings = 0;
			knownRegions = (
				en,
				Base,
			);
			mainGroup = 091057DD1A11FA7500DD8384;
			productRefGroup = 091057E71A11FA7600DD8384 /* Products */;
			projectDirPath = "";
			projectRoot = "";
			targets = (
				091057E51A11FA7600DD8384 /* bright */,
				091057F51A12221D00DD8384 /* brightBar */,
				091058071A12221D00DD8384 /* brightBarTests */,
			);
		};
/* End PBXProject section */

/* Begin PBXResourcesBuildPhase section */
		091057F41A12221D00DD8384 /* Resources */ = {
			isa = PBXResourcesBuildPhase;
			buildActionMask = 2147483647;
			files = (
				091058001A12221D00DD8384 /* Images.xcassets in Resources */,
				094D3E561A122E7B00729E3B /* brightness-sun-transparent-black.icns in Resources */,
				094D3E581A122E8700729E3B /* icon.png in Resources */,
			);
			runOnlyForDeploymentPostprocessing = 0;
		};
		091058061A12221D00DD8384 /* Resources */ = {
			isa = PBXResourcesBuildPhase;
			buildActionMask = 2147483647;
			files = (
			);
			runOnlyForDeploymentPostprocessing = 0;
		};
/* End PBXResourcesBuildPhase section */

/* Begin PBXShellScriptBuildPhase section */
		091057F11A1212C000DD8384 /* ShellScript */ = {
			isa = PBXShellScriptBuildPhase;
			buildActionMask = 2147483647;
			files = (
			);
			inputPaths = (
			);
			outputPaths = (
			);
			runOnlyForDeploymentPostprocessing = 0;
			shellPath = /bin/bash;
			shellScript = "# 将编译生成的bright文件移动到/usr/local/bin/\nmv -f \"$BUILT_PRODUCTS_DIR/bright\" /usr/local/bin/\n";
		};
/* End PBXShellScriptBuildPhase section */

/* Begin PBXSourcesBuildPhase section */
		091057E21A11FA7600DD8384 /* Sources */ = {
			isa = PBXSourcesBuildPhase;
			buildActionMask = 2147483647;
			files = (
				094D3E5C1A122F7C00729E3B /* TSBright.m in Sources */,
				091057EA1A11FA7600DD8384 /* main.m in Sources */,
			);
			runOnlyForDeploymentPostprocessing = 0;
		};
		091057F21A12221D00DD8384 /* Sources */ = {
			isa = PBXSourcesBuildPhase;
			buildActionMask = 2147483647;
			files = (
				091057FE1A12221D00DD8384 /* main.m in Sources */,
				094D3E5B1A122F4600729E3B /* TSBright.m in Sources */,
				091057FC1A12221D00DD8384 /* AppDelegate.m in Sources */,
			);
			runOnlyForDeploymentPostprocessing = 0;
		};
		091058041A12221D00DD8384 /* Sources */ = {
			isa = PBXSourcesBuildPhase;
			buildActionMask = 2147483647;
			files = (
				0910580F1A12221D00DD8384 /* brightBarTests.m in Sources */,
			);
			runOnlyForDeploymentPostprocessing = 0;
		};
/* End PBXSourcesBuildPhase section */

/* Begin PBXTargetDependency section */
		0910580A1A12221D00DD8384 /* PBXTargetDependency */ = {
			isa = PBXTargetDependency;
			target = 091057F51A12221D00DD8384 /* brightBar */;
			targetProxy = 091058091A12221D00DD8384 /* PBXContainerItemProxy */;
		};
/* End PBXTargetDependency section */

/* Begin XCBuildConfiguration section */
		091057EB1A11FA7600DD8384 /* Debug */ = {
			isa = XCBuildConfiguration;
			buildSettings = {
				ALWAYS_SEARCH_USER_PATHS = NO;
				CLANG_CXX_LANGUAGE_STANDARD = "gnu++0x";
				CLANG_CXX_LIBRARY = "libc++";
				CLANG_ENABLE_MODULES = YES;
				CLANG_ENABLE_OBJC_ARC = YES;
				CLANG_WARN_BOOL_CONVERSION = YES;
				CLANG_WARN_CONSTANT_CONVERSION = YES;
				CLANG_WARN_DIRECT_OBJC_ISA_USAGE = YES_ERROR;
				CLANG_WARN_EMPTY_BODY = YES;
				CLANG_WARN_ENUM_CONVERSION = YES;
				CLANG_WARN_INT_CONVERSION = YES;
				CLANG_WARN_OBJC_ROOT_CLASS = YES_ERROR;
				CLANG_WARN_UNREACHABLE_CODE = YES;
				CLANG_WARN__DUPLICATE_METHOD_MATCH = YES;
				COPY_PHASE_STRIP = NO;
				ENABLE_STRICT_OBJC_MSGSEND = YES;
				GCC_C_LANGUAGE_STANDARD = gnu99;
				GCC_DYNAMIC_NO_PIC = NO;
				GCC_OPTIMIZATION_LEVEL = 0;
				GCC_PREPROCESSOR_DEFINITIONS = (
					"DEBUG=1",
					"$(inherited)",
				);
				GCC_SYMBOLS_PRIVATE_EXTERN = NO;
				GCC_WARN_64_TO_32_BIT_CONVERSION = YES;
				GCC_WARN_ABOUT_RETURN_TYPE = YES_ERROR;
				GCC_WARN_UNDECLARED_SELECTOR = YES;
				GCC_WARN_UNINITIALIZED_AUTOS = YES_AGGRESSIVE;
				GCC_WARN_UNUSED_FUNCTION = YES;
				GCC_WARN_UNUSED_VARIABLE = YES;
				MACOSX_DEPLOYMENT_TARGET = 10.10;
				MTL_ENABLE_DEBUG_INFO = YES;
				ONLY_ACTIVE_ARCH = YES;
				SDKROOT = macosx;
			};
			name = Debug;
		};
		091057EC1A11FA7600DD8384 /* Release */ = {
			isa = XCBuildConfiguration;
			buildSettings = {
				ALWAYS_SEARCH_USER_PATHS = NO;
				CLANG_CXX_LANGUAGE_STANDARD = "gnu++0x";
				CLANG_CXX_LIBRARY = "libc++";
				CLANG_ENABLE_MODULES = YES;
				CLANG_ENABLE_OBJC_ARC = YES;
				CLANG_WARN_BOOL_CONVERSION = YES;
				CLANG_WARN_CONSTANT_CONVERSION = YES;
				CLANG_WARN_DIRECT_OBJC_ISA_USAGE = YES_ERROR;
				CLANG_WARN_EMPTY_BODY = YES;
				CLANG_WARN_ENUM_CONVERSION = YES;
				CLANG_WARN_INT_CONVERSION = YES;
				CLANG_WARN_OBJC_ROOT_CLASS = YES_ERROR;
				CLANG_WARN_UNREACHABLE_CODE = YES;
				CLANG_WARN__DUPLICATE_METHOD_MATCH = YES;
				COPY_PHASE_STRIP = YES;
				DEBUG_INFORMATION_FORMAT = "dwarf-with-dsym";
				ENABLE_NS_ASSERTIONS = NO;
				ENABLE_STRICT_OBJC_MSGSEND = YES;
				GCC_C_LANGUAGE_STANDARD = gnu99;
				GCC_WARN_64_TO_32_BIT_CONVERSION = YES;
				GCC_WARN_ABOUT_RETURN_TYPE = YES_ERROR;
				GCC_WARN_UNDECLARED_SELECTOR = YES;
				GCC_WARN_UNINITIALIZED_AUTOS = YES_AGGRESSIVE;
				GCC_WARN_UNUSED_FUNCTION = YES;
				GCC_WARN_UNUSED_VARIABLE = YES;
				MACOSX_DEPLOYMENT_TARGET = 10.10;
				MTL_ENABLE_DEBUG_INFO = NO;
				SDKROOT = macosx;
			};
			name = Release;
		};
		091057EE1A11FA7600DD8384 /* Debug */ = {
			isa = XCBuildConfiguration;
			buildSettings = {
				PRODUCT_NAME = "$(TARGET_NAME)";
			};
			name = Debug;
		};
		091057EF1A11FA7600DD8384 /* Release */ = {
			isa = XCBuildConfiguration;
			buildSettings = {
				PRODUCT_NAME = "$(TARGET_NAME)";
			};
			name = Release;
		};
		091058101A12221D00DD8384 /* Debug */ = {
			isa = XCBuildConfiguration;
			buildSettings = {
				ASSETCATALOG_COMPILER_APPICON_NAME = AppIcon;
				CODE_SIGN_IDENTITY = "-";
				COMBINE_HIDPI_IMAGES = YES;
				GCC_PREPROCESSOR_DEFINITIONS = (
					"DEBUG=1",
					"$(inherited)",
				);
				INFOPLIST_FILE = brightBar/Info.plist;
				LD_RUNPATH_SEARCH_PATHS = "$(inherited) @executable_path/../Frameworks";
				PRODUCT_NAME = "$(TARGET_NAME)";
			};
			name = Debug;
		};
		091058111A12221D00DD8384 /* Release */ = {
			isa = XCBuildConfiguration;
			buildSettings = {
				ASSETCATALOG_COMPILER_APPICON_NAME = AppIcon;
				CODE_SIGN_IDENTITY = "-";
				COMBINE_HIDPI_IMAGES = YES;
				INFOPLIST_FILE = brightBar/Info.plist;
				LD_RUNPATH_SEARCH_PATHS = "$(inherited) @executable_path/../Frameworks";
				PRODUCT_NAME = "$(TARGET_NAME)";
			};
			name = Release;
		};
		091058121A12221D00DD8384 /* Debug */ = {
			isa = XCBuildConfiguration;
			buildSettings = {
				BUNDLE_LOADER = "$(TEST_HOST)";
				COMBINE_HIDPI_IMAGES = YES;
				FRAMEWORK_SEARCH_PATHS = (
					"$(DEVELOPER_FRAMEWORKS_DIR)",
					"$(inherited)",
				);
				GCC_PREPROCESSOR_DEFINITIONS = (
					"DEBUG=1",
					"$(inherited)",
				);
				INFOPLIST_FILE = brightBarTests/Info.plist;
				LD_RUNPATH_SEARCH_PATHS = "$(inherited) @executable_path/../Frameworks @loader_path/../Frameworks";
				PRODUCT_NAME = "$(TARGET_NAME)";
				TEST_HOST = "$(BUILT_PRODUCTS_DIR)/brightBar.app/Contents/MacOS/brightBar";
			};
			name = Debug;
		};
		091058131A12221D00DD8384 /* Release */ = {
			isa = XCBuildConfiguration;
			buildSettings = {
				BUNDLE_LOADER = "$(TEST_HOST)";
				COMBINE_HIDPI_IMAGES = YES;
				FRAMEWORK_SEARCH_PATHS = (
					"$(DEVELOPER_FRAMEWORKS_DIR)",
					"$(inherited)",
				);
				INFOPLIST_FILE = brightBarTests/Info.plist;
				LD_RUNPATH_SEARCH_PATHS = "$(inherited) @executable_path/../Frameworks @loader_path/../Frameworks";
				PRODUCT_NAME = "$(TARGET_NAME)";
				TEST_HOST = "$(BUILT_PRODUCTS_DIR)/brightBar.app/Contents/MacOS/brightBar";
			};
			name = Release;
		};
/* End XCBuildConfiguration section */

/* Begin XCConfigurationList section */
		091057E11A11FA7500DD8384 /* Build configuration list for PBXProject "bright" */ = {
			isa = XCConfigurationList;
			buildConfigurations = (
				091057EB1A11FA7600DD8384 /* Debug */,
				091057EC1A11FA7600DD8384 /* Release */,
			);
			defaultConfigurationIsVisible = 0;
			defaultConfigurationName = Release;
		};
		091057ED1A11FA7600DD8384 /* Build configuration list for PBXNativeTarget "bright" */ = {
			isa = XCConfigurationList;
			buildConfigurations = (
				091057EE1A11FA7600DD8384 /* Debug */,
				091057EF1A11FA7600DD8384 /* Release */,
			);
			defaultConfigurationIsVisible = 0;
			defaultConfigurationName = Release;
		};
		091058141A12221D00DD8384 /* Build configuration list for PBXNativeTarget "brightBar" */ = {
			isa = XCConfigurationList;
			buildConfigurations = (
				091058101A12221D00DD8384 /* Debug */,
				091058111A12221D00DD8384 /* Release */,
			);
			defaultConfigurationIsVisible = 0;
			defaultConfigurationName = Release;
		};
		091058151A12221D00DD8384 /* Build configuration list for PBXNativeTarget "brightBarTests" */ = {
			isa = XCConfigurationList;
			buildConfigurations = (
				091058121A12221D00DD8384 /* Debug */,
				091058131A12221D00DD8384 /* Release */,
			);
			defaultConfigurationIsVisible = 0;
			defaultConfigurationName = Release;
		};
/* End XCConfigurationList section */
	};
	rootObject = 091057DE1A11FA7500DD8384 /* Project object */;
}
